
Microsoft Visual Studio Solution File, Format Version 12.00
# Visual Studio Version 17
VisualStudioVersion = 17.11.35303.130
MinimumVisualStudioVersion = 10.0.40219.1
Project("{FAE04EC0-301F-11D3-BF4B-00C04F79EFBC}") = "BulkyWeb.UI", "BulkyWeb.UI\BulkyWeb.UI.csproj", "{CED5CD1C-3D62-4EEA-B352-49E6ED1D9AB4}"
EndProject
Global
	GlobalSection(SolutionConfigurationPlatforms) = preSolution
		Debug|Any CPU = Debug|Any CPU
		Release|Any CPU = Release|Any CPU
	EndGlobalSection
	GlobalSection(ProjectConfigurationPlatforms) = postSolution
		{CED5CD1C-3D62-4EEA-B352-49E6ED1D9AB4}.Debug|Any CPU.ActiveCfg = Debug|Any CPU
		{CED5CD1C-3D62-4EEA-B352-49E6ED1D9AB4}.Debug|Any CPU.Build.0 = Debug|Any CPU
		{CED5CD1C-3D62-4EEA-B352-49E6ED1D9AB4}.Release|Any CPU.ActiveCfg = Release|Any CPU
		{CED5CD1C-3D62-4EEA-B352-49E6ED1D9AB4}.Release|Any CPU.Build.0 = Release|Any CPU
	EndGlobalSection
	GlobalSection(SolutionProperties) = preSolution
		HideSolutionNode = FALSE
	EndGlobalSection
	GlobalSection(ExtensibilityGlobals) = postSolution
		SolutionGuid = {9F7909A4-89EC-43F2-BD1B-F4D3A7A62AA2}
	EndGlobalSection
EndGlobal
